
Microsoft Visual Studio Solution File, Format Version 12.00
# Visual Studio Version 17
VisualStudioVersion = 17.5.33530.505
MinimumVisualStudioVersion = 10.0.40219.1
Project("{FAE04EC0-301F-11D3-BF4B-00C04F79EFBC}") = "WhiteBoxTesting", "AT3\WhiteBoxTesting.csproj", "{FAAF8965-F80F-4C44-814E-1B043870174F}"
EndProject
Global
	GlobalSection(SolutionConfigurationPlatforms) = preSolution
		Debug|Any CPU = Debug|Any CPU
		Release|Any CPU = Release|Any CPU
	EndGlobalSection
	GlobalSection(ProjectConfigurationPlatforms) = postSolution
		{FAAF8965-F80F-4C44-814E-1B043870174F}.Debug|Any CPU.ActiveCfg = Debug|Any CPU
		{FAAF8965-F80F-4C44-814E-1B043870174F}.Debug|Any CPU.Build.0 = Debug|Any CPU
		{FAAF8965-F80F-4C44-814E-1B043870174F}.Release|Any CPU.ActiveCfg = Release|Any CPU
		{FAAF8965-F80F-4C44-814E-1B043870174F}.Release|Any CPU.Build.0 = Release|Any CPU
	EndGlobalSection
	GlobalSection(SolutionProperties) = preSolution
		HideSolutionNode = FALSE
	EndGlobalSection
	GlobalSection(ExtensibilityGlobals) = postSolution
		SolutionGuid = {D1FAD86D-13FA-4EDE-8622-160D5B809DE2}
	EndGlobalSection
EndGlobal
